PODS:
  - HGVideoPlayer (0.1.0):
    - HGVideoPlayer/KSYMediaPlayer_vod (= 0.1.0)
    - Masonry (~> 1.0.2)
  - HGVideoPlayer/KSYMediaPlayer_vod (0.1.0):
    - Masonry (~> 1.0.2)
  - Masonry (1.0.2)

DEPENDENCIES:
  - HGVideoPlayer (from `../`)

EXTERNAL SOURCES:
  HGVideoPlayer:
    :path: ../

SPEC CHECKSUMS:
  HGVideoPlayer: fbc0835cff92d0c5d7e5c682a742e322f055337b
  Masonry: 7c429b56da9d4ee0bbb3ed77a5ea710d6a5df39e

PODFILE CHECKSUM: fad8d71c2d72b2d9bc6efed9af18d84eb4fe1cbc

COCOAPODS: 1.3.1
